Microsoft Visual Studio Solution File, Format Version 12.00
# Visual Studio 2012
Project("{FAE04EC0-301F-11D3-BF4B-00C04F79EFBC}") = "shoot-up", "shoot-up.csproj", "{45973DCD-A5E6-4AE6-87EB-C438F88725F5}"
EndProject
Global
	GlobalSection(SolutionConfigurationPlatforms) = preSolution
	Debug|Any CPU = Debug|Any CPU
	ExportDebug|Any CPU = ExportDebug|Any CPU
	ExportRelease|Any CPU = ExportRelease|Any CPU
	EndGlobalSection
	GlobalSection(ProjectConfigurationPlatforms) = postSolution
		{45973DCD-A5E6-4AE6-87EB-C438F88725F5}.Debug|Any CPU.ActiveCfg = Debug|Any CPU
		{45973DCD-A5E6-4AE6-87EB-C438F88725F5}.Debug|Any CPU.Build.0 = Debug|Any CPU
		{45973DCD-A5E6-4AE6-87EB-C438F88725F5}.ExportDebug|Any CPU.ActiveCfg = ExportDebug|Any CPU
		{45973DCD-A5E6-4AE6-87EB-C438F88725F5}.ExportDebug|Any CPU.Build.0 = ExportDebug|Any CPU
		{45973DCD-A5E6-4AE6-87EB-C438F88725F5}.ExportRelease|Any CPU.ActiveCfg = ExportRelease|Any CPU
		{45973DCD-A5E6-4AE6-87EB-C438F88725F5}.ExportRelease|Any CPU.Build.0 = ExportRelease|Any CPU
	EndGlobalSection
EndGlobal
